
Microsoft Visual Studio Solution File, Format Version 12.00
# Visual Studio 15
VisualStudioVersion = 15.0.26228.9
MinimumVisualStudioVersion = 10.0.40219.1
Project("{FAE04EC0-301F-11D3-BF4B-00C04F79EFBC}") = "AzureTwitter.Web", "AzureTwitter.Web\AzureTwitter.Web.csproj", "{40A3AB25-1504-4951-A6FB-3471A9DAD24D}"
EndProject
Project("{FAE04EC0-301F-11D3-BF4B-00C04F79EFBC}") = "AzureTwitter.Api", "AzureTwitter.Api\AzureTwitter.Api.csproj", "{387A04AD-79A5-441B-8A3D-949355E30730}"
EndProject
Project("{FAE04EC0-301F-11D3-BF4B-00C04F79EFBC}") = "AzureTwitter.Storage", "AzureTwitter.Storage\AzureTwitter.Storage.csproj", "{4FD0CB75-0239-495E-956C-8168A7358EF8}"
EndProject
Project("{FAE04EC0-301F-11D3-BF4B-00C04F79EFBC}") = "AzureTwitter.Storage.Interfaces", "AzureTwitter.Storage.Interfaces\AzureTwitter.Storage.Interfaces.csproj", "{5859EFDC-DF0F-47DB-BA52-69DD86119552}"
EndProject
Project("{FAE04EC0-301F-11D3-BF4B-00C04F79EFBC}") = "AzureTwitter.Storage.Models", "AzureTwitter.Storage.Models\AzureTwitter.Storage.Models.csproj", "{BDDED552-157A-4AE0-A053-776072F01A4E}"
EndProject
Project("{2150E333-8FDC-42A3-9474-1A3956D46DE8}") = "Storage", "Storage", "{5331CBE0-8058-48A2-A947-9897D85E85C6}"
EndProject
Global
	GlobalSection(SolutionConfigurationPlatforms) = preSolution
		Debug|Any CPU = Debug|Any CPU
		Release|Any CPU = Release|Any CPU
	EndGlobalSection
	GlobalSection(ProjectConfigurationPlatforms) = postSolution
		{40A3AB25-1504-4951-A6FB-3471A9DAD24D}.Debug|Any CPU.ActiveCfg = Debug|Any CPU
		{40A3AB25-1504-4951-A6FB-3471A9DAD24D}.Debug|Any CPU.Build.0 = Debug|Any CPU
		{40A3AB25-1504-4951-A6FB-3471A9DAD24D}.Release|Any CPU.ActiveCfg = Release|Any CPU
		{40A3AB25-1504-4951-A6FB-3471A9DAD24D}.Release|Any CPU.Build.0 = Release|Any CPU
		{387A04AD-79A5-441B-8A3D-949355E30730}.Debug|Any CPU.ActiveCfg = Debug|Any CPU
		{387A04AD-79A5-441B-8A3D-949355E30730}.Debug|Any CPU.Build.0 = Debug|Any CPU
		{387A04AD-79A5-441B-8A3D-949355E30730}.Release|Any CPU.ActiveCfg = Release|Any CPU
		{387A04AD-79A5-441B-8A3D-949355E30730}.Release|Any CPU.Build.0 = Release|Any CPU
		{4FD0CB75-0239-495E-956C-8168A7358EF8}.Debug|Any CPU.ActiveCfg = Debug|Any CPU
		{4FD0CB75-0239-495E-956C-8168A7358EF8}.Debug|Any CPU.Build.0 = Debug|Any CPU
		{4FD0CB75-0239-495E-956C-8168A7358EF8}.Release|Any CPU.ActiveCfg = Release|Any CPU
		{4FD0CB75-0239-495E-956C-8168A7358EF8}.Release|Any CPU.Build.0 = Release|Any CPU
		{5859EFDC-DF0F-47DB-BA52-69DD86119552}.Debug|Any CPU.ActiveCfg = Debug|Any CPU
		{5859EFDC-DF0F-47DB-BA52-69DD86119552}.Debug|Any CPU.Build.0 = Debug|Any CPU
		{5859EFDC-DF0F-47DB-BA52-69DD86119552}.Release|Any CPU.ActiveCfg = Release|Any CPU
		{5859EFDC-DF0F-47DB-BA52-69DD86119552}.Release|Any CPU.Build.0 = Release|Any CPU
		{BDDED552-157A-4AE0-A053-776072F01A4E}.Debug|Any CPU.ActiveCfg = Debug|Any CPU
		{BDDED552-157A-4AE0-A053-776072F01A4E}.Debug|Any CPU.Build.0 = Debug|Any CPU
		{BDDED552-157A-4AE0-A053-776072F01A4E}.Release|Any CPU.ActiveCfg = Release|Any CPU
		{BDDED552-157A-4AE0-A053-776072F01A4E}.Release|Any CPU.Build.0 = Release|Any CPU
	EndGlobalSection
	GlobalSection(SolutionProperties) = preSolution
		HideSolutionNode = FALSE
	EndGlobalSection
	GlobalSection(NestedProjects) = preSolution
		{4FD0CB75-0239-495E-956C-8168A7358EF8} = {5331CBE0-8058-48A2-A947-9897D85E85C6}
		{5859EFDC-DF0F-47DB-BA52-69DD86119552} = {5331CBE0-8058-48A2-A947-9897D85E85C6}
		{BDDED552-157A-4AE0-A053-776072F01A4E} = {5331CBE0-8058-48A2-A947-9897D85E85C6}
	EndGlobalSection
EndGlobal
