
Microsoft Visual Studio Solution File, Format Version 12.00
# Visual Studio 15
VisualStudioVersion = 15.0.26403.7
MinimumVisualStudioVersion = 10.0.40219.1
Project("{FAE04EC0-301F-11D3-BF4B-00C04F79EFBC}") = "AzureTwitter.Web", "AzureTwitter.Web\AzureTwitter.Web.csproj", "{40A3AB25-1504-4951-A6FB-3471A9DAD24D}"
EndProject
Project("{2150E333-8FDC-42A3-9474-1A3956D46DE8}") = "Storage", "Storage", "{5331CBE0-8058-48A2-A947-9897D85E85C6}"
EndProject
Project("{2150E333-8FDC-42A3-9474-1A3956D46DE8}") = "FeedHandler", "FeedHandler", "{CFFEF1D9-BA21-4162-8D83-AEBB9345D3BD}"
EndProject
Project("{A07B5EB6-E848-4116-A8D0-A826331D98C6}") = "AzureTwitter.TwitterFeed", "AzureTwitter.TwitterFeed\AzureTwitter.TwitterFeed.sfproj", "{2AE76C49-269A-4A2D-A491-D3EA307540E6}"
EndProject
Project("{2150E333-8FDC-42A3-9474-1A3956D46DE8}") = "Common", "Common", "{99BC3AAC-401F-4D4C-A4B8-F384170C57A5}"
EndProject
Project("{FAE04EC0-301F-11D3-BF4B-00C04F79EFBC}") = "AzureTwitter.Models", "AzureTwitter.Models\AzureTwitter.Models.csproj", "{DCC92359-F6AF-48E8-90EC-9774E495A2DE}"
EndProject
Project("{FAE04EC0-301F-11D3-BF4B-00C04F79EFBC}") = "AzureTwitter.TwitterFeedHandler", "AzureTwitter.TwitterFeedHandler\AzureTwitter.TwitterFeedHandler.csproj", "{A9B1304B-F697-4935-A44B-AC37707E354A}"
EndProject
Project("{FAE04EC0-301F-11D3-BF4B-00C04F79EFBC}") = "AzureTwitter.TwitterFeedHandler.Interfaces", "AzureTwitter.TwitterFeedHandler.Interfaces\AzureTwitter.TwitterFeedHandler.Interfaces.csproj", "{F1C53EFF-1769-4F7F-8A16-A2D9B2620E06}"
EndProject
Project("{FAE04EC0-301F-11D3-BF4B-00C04F79EFBC}") = "AzureTwitter.RedisMessageBus", "AzureTwitter.RedisMessageBus\AzureTwitter.RedisMessageBus.csproj", "{ABE96D33-4635-47CB-A790-D4BFD7840A04}"
EndProject
Project("{2150E333-8FDC-42A3-9474-1A3956D46DE8}") = "WebAPI", "WebAPI", "{8D009AAB-4A73-409B-BD0F-ABE146F93EA3}"
EndProject
Project("{A07B5EB6-E848-4116-A8D0-A826331D98C6}") = "AzureTwitter.Api", "AzureTwitter.Api\AzureTwitter.Api.sfproj", "{55C20D14-BF69-4771-BEF6-C872BB20583F}"
EndProject
Project("{FAE04EC0-301F-11D3-BF4B-00C04F79EFBC}") = "AzureTwitter.ApiService", "AzureTwitter.ApiService\AzureTwitter.ApiService.csproj", "{EBDEAF2E-CC7B-49E3-BCE2-FC09B6D085B2}"
EndProject
Project("{FAE04EC0-301F-11D3-BF4B-00C04F79EFBC}") = "AzureTwitter.Storage.Interfaces", "AzureTwitter.Storage.Interfaces\AzureTwitter.Storage.Interfaces.csproj", "{E488F025-8563-426A-96E2-C5DA7DE5D0AE}"
EndProject
Project("{FAE04EC0-301F-11D3-BF4B-00C04F79EFBC}") = "AzureTwitter.Storage", "AzureTwitter.Storage\AzureTwitter.Storage.csproj", "{5FB25EBC-B7F5-4193-B86A-2FD304768EFF}"
EndProject
Project("{2150E333-8FDC-42A3-9474-1A3956D46DE8}") = "Communication", "Communication", "{94B4D767-A1FF-4DC1-81CF-CD247EFD1B7E}"
EndProject
Project("{2150E333-8FDC-42A3-9474-1A3956D46DE8}") = "DomainModel", "DomainModel", "{24B4294F-AC94-4743-A11A-0AFFC4C476D2}"
EndProject
Project("{2150E333-8FDC-42A3-9474-1A3956D46DE8}") = "MessageBus", "MessageBus", "{6828CD0A-23AB-43FD-9D67-77744C7A7F6C}"
EndProject
Project("{FAE04EC0-301F-11D3-BF4B-00C04F79EFBC}") = "AzureTwitter.MessageBus.Interfaces", "AzureTwitter.MessageBus.Interfaces\AzureTwitter.MessageBus.Interfaces.csproj", "{14ADCBFC-1300-4578-86B2-A9C270F7E0FC}"
EndProject
Project("{2150E333-8FDC-42A3-9474-1A3956D46DE8}") = "Configuration", "Configuration", "{1F07A80D-AA34-4D76-A141-B52979C4E407}"
EndProject
Project("{FAE04EC0-301F-11D3-BF4B-00C04F79EFBC}") = "AzureTwitter.Configuration", "AzureTwitter.Configuration\AzureTwitter.Configuration.csproj", "{C087A4A1-BA32-4842-A598-2CB603551075}"
EndProject
Project("{2150E333-8FDC-42A3-9474-1A3956D46DE8}") = "CacheService", "CacheService", "{AE1671D5-DF81-4F5D-AD3A-3555C0351881}"
EndProject
Project("{2150E333-8FDC-42A3-9474-1A3956D46DE8}") = "Utils", "Utils", "{6222B1FC-7B9D-4333-9BB4-899912291438}"
EndProject
Project("{FAE04EC0-301F-11D3-BF4B-00C04F79EFBC}") = "AzureTwitter.CacheService.Interfaces", "AzureTwitter.CacheService.Interfaces\AzureTwitter.CacheService.Interfaces.csproj", "{B3ED4996-D723-4E20-83B2-C2905ED1EC68}"
EndProject
Project("{FAE04EC0-301F-11D3-BF4B-00C04F79EFBC}") = "AzureTwitter.RedisCache", "AzureTwitter.RedisCache\AzureTwitter.RedisCache.csproj", "{77D64D9B-CF7B-4FB7-8CFC-3A4CDE114416}"
EndProject
Project("{FAE04EC0-301F-11D3-BF4B-00C04F79EFBC}") = "AzureTwitter.CommunicationUtils", "AzureTwitter.CommunicationUtils\AzureTwitter.CommunicationUtils.csproj", "{730A92CC-A811-4D36-A11C-B0D339DE2778}"
EndProject
Project("{FAE04EC0-301F-11D3-BF4B-00C04F79EFBC}") = "AzureTwitter.EventHubMessageBus", "AzureTwitter.EventHubMessageBus\AzureTwitter.EventHubMessageBus.csproj", "{B6077627-CDA8-4FC5-A570-DF5C11C14170}"
EndProject
Global
	GlobalSection(SolutionConfigurationPlatforms) = preSolution
		Debug|Any CPU = Debug|Any CPU
		Debug|x64 = Debug|x64
		Release|Any CPU = Release|Any CPU
		Release|x64 = Release|x64
	EndGlobalSection
	GlobalSection(ProjectConfigurationPlatforms) = postSolution
		{40A3AB25-1504-4951-A6FB-3471A9DAD24D}.Debug|Any CPU.ActiveCfg = Debug|Any CPU
		{40A3AB25-1504-4951-A6FB-3471A9DAD24D}.Debug|Any CPU.Build.0 = Debug|Any CPU
		{40A3AB25-1504-4951-A6FB-3471A9DAD24D}.Debug|x64.ActiveCfg = Debug|Any CPU
		{40A3AB25-1504-4951-A6FB-3471A9DAD24D}.Debug|x64.Build.0 = Debug|Any CPU
		{40A3AB25-1504-4951-A6FB-3471A9DAD24D}.Release|Any CPU.ActiveCfg = Release|Any CPU
		{40A3AB25-1504-4951-A6FB-3471A9DAD24D}.Release|Any CPU.Build.0 = Release|Any CPU
		{40A3AB25-1504-4951-A6FB-3471A9DAD24D}.Release|x64.ActiveCfg = Release|Any CPU
		{40A3AB25-1504-4951-A6FB-3471A9DAD24D}.Release|x64.Build.0 = Release|Any CPU
		{2AE76C49-269A-4A2D-A491-D3EA307540E6}.Debug|Any CPU.ActiveCfg = Debug|x64
		{2AE76C49-269A-4A2D-A491-D3EA307540E6}.Debug|x64.ActiveCfg = Debug|x64
		{2AE76C49-269A-4A2D-A491-D3EA307540E6}.Debug|x64.Build.0 = Debug|x64
		{2AE76C49-269A-4A2D-A491-D3EA307540E6}.Debug|x64.Deploy.0 = Debug|x64
		{2AE76C49-269A-4A2D-A491-D3EA307540E6}.Release|Any CPU.ActiveCfg = Release|x64
		{2AE76C49-269A-4A2D-A491-D3EA307540E6}.Release|x64.ActiveCfg = Release|x64
		{2AE76C49-269A-4A2D-A491-D3EA307540E6}.Release|x64.Build.0 = Release|x64
		{2AE76C49-269A-4A2D-A491-D3EA307540E6}.Release|x64.Deploy.0 = Release|x64
		{DCC92359-F6AF-48E8-90EC-9774E495A2DE}.Debug|Any CPU.ActiveCfg = Debug|Any CPU
		{DCC92359-F6AF-48E8-90EC-9774E495A2DE}.Debug|Any CPU.Build.0 = Debug|Any CPU
		{DCC92359-F6AF-48E8-90EC-9774E495A2DE}.Debug|x64.ActiveCfg = Debug|Any CPU
		{DCC92359-F6AF-48E8-90EC-9774E495A2DE}.Debug|x64.Build.0 = Debug|Any CPU
		{DCC92359-F6AF-48E8-90EC-9774E495A2DE}.Release|Any CPU.ActiveCfg = Release|Any CPU
		{DCC92359-F6AF-48E8-90EC-9774E495A2DE}.Release|Any CPU.Build.0 = Release|Any CPU
		{DCC92359-F6AF-48E8-90EC-9774E495A2DE}.Release|x64.ActiveCfg = Release|Any CPU
		{DCC92359-F6AF-48E8-90EC-9774E495A2DE}.Release|x64.Build.0 = Release|Any CPU
		{A9B1304B-F697-4935-A44B-AC37707E354A}.Debug|Any CPU.ActiveCfg = Debug|x64
		{A9B1304B-F697-4935-A44B-AC37707E354A}.Debug|x64.ActiveCfg = Debug|x64
		{A9B1304B-F697-4935-A44B-AC37707E354A}.Debug|x64.Build.0 = Debug|x64
		{A9B1304B-F697-4935-A44B-AC37707E354A}.Release|Any CPU.ActiveCfg = Release|x64
		{A9B1304B-F697-4935-A44B-AC37707E354A}.Release|x64.ActiveCfg = Release|x64
		{A9B1304B-F697-4935-A44B-AC37707E354A}.Release|x64.Build.0 = Release|x64
		{F1C53EFF-1769-4F7F-8A16-A2D9B2620E06}.Debug|Any CPU.ActiveCfg = Debug|Any CPU
		{F1C53EFF-1769-4F7F-8A16-A2D9B2620E06}.Debug|Any CPU.Build.0 = Debug|Any CPU
		{F1C53EFF-1769-4F7F-8A16-A2D9B2620E06}.Debug|x64.ActiveCfg = Debug|Any CPU
		{F1C53EFF-1769-4F7F-8A16-A2D9B2620E06}.Debug|x64.Build.0 = Debug|Any CPU
		{F1C53EFF-1769-4F7F-8A16-A2D9B2620E06}.Release|Any CPU.ActiveCfg = Release|Any CPU
		{F1C53EFF-1769-4F7F-8A16-A2D9B2620E06}.Release|Any CPU.Build.0 = Release|Any CPU
		{F1C53EFF-1769-4F7F-8A16-A2D9B2620E06}.Release|x64.ActiveCfg = Release|Any CPU
		{F1C53EFF-1769-4F7F-8A16-A2D9B2620E06}.Release|x64.Build.0 = Release|Any CPU
		{ABE96D33-4635-47CB-A790-D4BFD7840A04}.Debug|Any CPU.ActiveCfg = Debug|Any CPU
		{ABE96D33-4635-47CB-A790-D4BFD7840A04}.Debug|Any CPU.Build.0 = Debug|Any CPU
		{ABE96D33-4635-47CB-A790-D4BFD7840A04}.Debug|x64.ActiveCfg = Debug|Any CPU
		{ABE96D33-4635-47CB-A790-D4BFD7840A04}.Debug|x64.Build.0 = Debug|Any CPU
		{ABE96D33-4635-47CB-A790-D4BFD7840A04}.Release|Any CPU.ActiveCfg = Release|Any CPU
		{ABE96D33-4635-47CB-A790-D4BFD7840A04}.Release|Any CPU.Build.0 = Release|Any CPU
		{ABE96D33-4635-47CB-A790-D4BFD7840A04}.Release|x64.ActiveCfg = Release|Any CPU
		{ABE96D33-4635-47CB-A790-D4BFD7840A04}.Release|x64.Build.0 = Release|Any CPU
		{55C20D14-BF69-4771-BEF6-C872BB20583F}.Debug|Any CPU.ActiveCfg = Debug|x64
		{55C20D14-BF69-4771-BEF6-C872BB20583F}.Debug|x64.ActiveCfg = Debug|x64
		{55C20D14-BF69-4771-BEF6-C872BB20583F}.Debug|x64.Build.0 = Debug|x64
		{55C20D14-BF69-4771-BEF6-C872BB20583F}.Debug|x64.Deploy.0 = Debug|x64
		{55C20D14-BF69-4771-BEF6-C872BB20583F}.Release|Any CPU.ActiveCfg = Release|x64
		{55C20D14-BF69-4771-BEF6-C872BB20583F}.Release|x64.ActiveCfg = Release|x64
		{55C20D14-BF69-4771-BEF6-C872BB20583F}.Release|x64.Build.0 = Release|x64
		{55C20D14-BF69-4771-BEF6-C872BB20583F}.Release|x64.Deploy.0 = Release|x64
		{EBDEAF2E-CC7B-49E3-BCE2-FC09B6D085B2}.Debug|Any CPU.ActiveCfg = Debug|x64
		{EBDEAF2E-CC7B-49E3-BCE2-FC09B6D085B2}.Debug|x64.ActiveCfg = Debug|x64
		{EBDEAF2E-CC7B-49E3-BCE2-FC09B6D085B2}.Debug|x64.Build.0 = Debug|x64
		{EBDEAF2E-CC7B-49E3-BCE2-FC09B6D085B2}.Release|Any CPU.ActiveCfg = Release|x64
		{EBDEAF2E-CC7B-49E3-BCE2-FC09B6D085B2}.Release|x64.ActiveCfg = Release|x64
		{EBDEAF2E-CC7B-49E3-BCE2-FC09B6D085B2}.Release|x64.Build.0 = Release|x64
		{E488F025-8563-426A-96E2-C5DA7DE5D0AE}.Debug|Any CPU.ActiveCfg = Debug|Any CPU
		{E488F025-8563-426A-96E2-C5DA7DE5D0AE}.Debug|Any CPU.Build.0 = Debug|Any CPU
		{E488F025-8563-426A-96E2-C5DA7DE5D0AE}.Debug|x64.ActiveCfg = Debug|Any CPU
		{E488F025-8563-426A-96E2-C5DA7DE5D0AE}.Debug|x64.Build.0 = Debug|Any CPU
		{E488F025-8563-426A-96E2-C5DA7DE5D0AE}.Release|Any CPU.ActiveCfg = Release|Any CPU
		{E488F025-8563-426A-96E2-C5DA7DE5D0AE}.Release|Any CPU.Build.0 = Release|Any CPU
		{E488F025-8563-426A-96E2-C5DA7DE5D0AE}.Release|x64.ActiveCfg = Release|Any CPU
		{E488F025-8563-426A-96E2-C5DA7DE5D0AE}.Release|x64.Build.0 = Release|Any CPU
		{5FB25EBC-B7F5-4193-B86A-2FD304768EFF}.Debug|Any CPU.ActiveCfg = Debug|Any CPU
		{5FB25EBC-B7F5-4193-B86A-2FD304768EFF}.Debug|Any CPU.Build.0 = Debug|Any CPU
		{5FB25EBC-B7F5-4193-B86A-2FD304768EFF}.Debug|x64.ActiveCfg = Debug|Any CPU
		{5FB25EBC-B7F5-4193-B86A-2FD304768EFF}.Debug|x64.Build.0 = Debug|Any CPU
		{5FB25EBC-B7F5-4193-B86A-2FD304768EFF}.Release|Any CPU.ActiveCfg = Release|Any CPU
		{5FB25EBC-B7F5-4193-B86A-2FD304768EFF}.Release|Any CPU.Build.0 = Release|Any CPU
		{5FB25EBC-B7F5-4193-B86A-2FD304768EFF}.Release|x64.ActiveCfg = Release|Any CPU
		{5FB25EBC-B7F5-4193-B86A-2FD304768EFF}.Release|x64.Build.0 = Release|Any CPU
		{14ADCBFC-1300-4578-86B2-A9C270F7E0FC}.Debug|Any CPU.ActiveCfg = Debug|Any CPU
		{14ADCBFC-1300-4578-86B2-A9C270F7E0FC}.Debug|Any CPU.Build.0 = Debug|Any CPU
		{14ADCBFC-1300-4578-86B2-A9C270F7E0FC}.Debug|x64.ActiveCfg = Debug|Any CPU
		{14ADCBFC-1300-4578-86B2-A9C270F7E0FC}.Debug|x64.Build.0 = Debug|Any CPU
		{14ADCBFC-1300-4578-86B2-A9C270F7E0FC}.Release|Any CPU.ActiveCfg = Release|Any CPU
		{14ADCBFC-1300-4578-86B2-A9C270F7E0FC}.Release|Any CPU.Build.0 = Release|Any CPU
		{14ADCBFC-1300-4578-86B2-A9C270F7E0FC}.Release|x64.ActiveCfg = Release|Any CPU
		{14ADCBFC-1300-4578-86B2-A9C270F7E0FC}.Release|x64.Build.0 = Release|Any CPU
		{C087A4A1-BA32-4842-A598-2CB603551075}.Debug|Any CPU.ActiveCfg = Debug|Any CPU
		{C087A4A1-BA32-4842-A598-2CB603551075}.Debug|Any CPU.Build.0 = Debug|Any CPU
		{C087A4A1-BA32-4842-A598-2CB603551075}.Debug|x64.ActiveCfg = Debug|Any CPU
		{C087A4A1-BA32-4842-A598-2CB603551075}.Debug|x64.Build.0 = Debug|Any CPU
		{C087A4A1-BA32-4842-A598-2CB603551075}.Release|Any CPU.ActiveCfg = Release|Any CPU
		{C087A4A1-BA32-4842-A598-2CB603551075}.Release|Any CPU.Build.0 = Release|Any CPU
		{C087A4A1-BA32-4842-A598-2CB603551075}.Release|x64.ActiveCfg = Release|Any CPU
		{C087A4A1-BA32-4842-A598-2CB603551075}.Release|x64.Build.0 = Release|Any CPU
		{B3ED4996-D723-4E20-83B2-C2905ED1EC68}.Debug|Any CPU.ActiveCfg = Debug|Any CPU
		{B3ED4996-D723-4E20-83B2-C2905ED1EC68}.Debug|Any CPU.Build.0 = Debug|Any CPU
		{B3ED4996-D723-4E20-83B2-C2905ED1EC68}.Debug|x64.ActiveCfg = Debug|Any CPU
		{B3ED4996-D723-4E20-83B2-C2905ED1EC68}.Debug|x64.Build.0 = Debug|Any CPU
		{B3ED4996-D723-4E20-83B2-C2905ED1EC68}.Release|Any CPU.ActiveCfg = Release|Any CPU
		{B3ED4996-D723-4E20-83B2-C2905ED1EC68}.Release|Any CPU.Build.0 = Release|Any CPU
		{B3ED4996-D723-4E20-83B2-C2905ED1EC68}.Release|x64.ActiveCfg = Release|Any CPU
		{B3ED4996-D723-4E20-83B2-C2905ED1EC68}.Release|x64.Build.0 = Release|Any CPU
		{77D64D9B-CF7B-4FB7-8CFC-3A4CDE114416}.Debug|Any CPU.ActiveCfg = Debug|Any CPU
		{77D64D9B-CF7B-4FB7-8CFC-3A4CDE114416}.Debug|Any CPU.Build.0 = Debug|Any CPU
		{77D64D9B-CF7B-4FB7-8CFC-3A4CDE114416}.Debug|x64.ActiveCfg = Debug|Any CPU
		{77D64D9B-CF7B-4FB7-8CFC-3A4CDE114416}.Debug|x64.Build.0 = Debug|Any CPU
		{77D64D9B-CF7B-4FB7-8CFC-3A4CDE114416}.Release|Any CPU.ActiveCfg = Release|Any CPU
		{77D64D9B-CF7B-4FB7-8CFC-3A4CDE114416}.Release|Any CPU.Build.0 = Release|Any CPU
		{77D64D9B-CF7B-4FB7-8CFC-3A4CDE114416}.Release|x64.ActiveCfg = Release|Any CPU
		{77D64D9B-CF7B-4FB7-8CFC-3A4CDE114416}.Release|x64.Build.0 = Release|Any CPU
		{730A92CC-A811-4D36-A11C-B0D339DE2778}.Debug|Any CPU.ActiveCfg = Debug|Any CPU
		{730A92CC-A811-4D36-A11C-B0D339DE2778}.Debug|Any CPU.Build.0 = Debug|Any CPU
		{730A92CC-A811-4D36-A11C-B0D339DE2778}.Debug|x64.ActiveCfg = Debug|Any CPU
		{730A92CC-A811-4D36-A11C-B0D339DE2778}.Debug|x64.Build.0 = Debug|Any CPU
		{730A92CC-A811-4D36-A11C-B0D339DE2778}.Release|Any CPU.ActiveCfg = Release|Any CPU
		{730A92CC-A811-4D36-A11C-B0D339DE2778}.Release|Any CPU.Build.0 = Release|Any CPU
		{730A92CC-A811-4D36-A11C-B0D339DE2778}.Release|x64.ActiveCfg = Release|Any CPU
		{730A92CC-A811-4D36-A11C-B0D339DE2778}.Release|x64.Build.0 = Release|Any CPU
		{B6077627-CDA8-4FC5-A570-DF5C11C14170}.Debug|Any CPU.ActiveCfg = Debug|Any CPU
		{B6077627-CDA8-4FC5-A570-DF5C11C14170}.Debug|Any CPU.Build.0 = Debug|Any CPU
		{B6077627-CDA8-4FC5-A570-DF5C11C14170}.Debug|x64.ActiveCfg = Debug|Any CPU
		{B6077627-CDA8-4FC5-A570-DF5C11C14170}.Debug|x64.Build.0 = Debug|Any CPU
		{B6077627-CDA8-4FC5-A570-DF5C11C14170}.Release|Any CPU.ActiveCfg = Release|Any CPU
		{B6077627-CDA8-4FC5-A570-DF5C11C14170}.Release|Any CPU.Build.0 = Release|Any CPU
		{B6077627-CDA8-4FC5-A570-DF5C11C14170}.Release|x64.ActiveCfg = Release|Any CPU
		{B6077627-CDA8-4FC5-A570-DF5C11C14170}.Release|x64.Build.0 = Release|Any CPU
	EndGlobalSection
	GlobalSection(SolutionProperties) = preSolution
		HideSolutionNode = FALSE
	EndGlobalSection
	GlobalSection(NestedProjects) = preSolution
		{2AE76C49-269A-4A2D-A491-D3EA307540E6} = {CFFEF1D9-BA21-4162-8D83-AEBB9345D3BD}
		{DCC92359-F6AF-48E8-90EC-9774E495A2DE} = {24B4294F-AC94-4743-A11A-0AFFC4C476D2}
		{A9B1304B-F697-4935-A44B-AC37707E354A} = {CFFEF1D9-BA21-4162-8D83-AEBB9345D3BD}
		{F1C53EFF-1769-4F7F-8A16-A2D9B2620E06} = {CFFEF1D9-BA21-4162-8D83-AEBB9345D3BD}
		{ABE96D33-4635-47CB-A790-D4BFD7840A04} = {6828CD0A-23AB-43FD-9D67-77744C7A7F6C}
		{55C20D14-BF69-4771-BEF6-C872BB20583F} = {8D009AAB-4A73-409B-BD0F-ABE146F93EA3}
		{EBDEAF2E-CC7B-49E3-BCE2-FC09B6D085B2} = {8D009AAB-4A73-409B-BD0F-ABE146F93EA3}
		{E488F025-8563-426A-96E2-C5DA7DE5D0AE} = {5331CBE0-8058-48A2-A947-9897D85E85C6}
		{5FB25EBC-B7F5-4193-B86A-2FD304768EFF} = {5331CBE0-8058-48A2-A947-9897D85E85C6}
		{94B4D767-A1FF-4DC1-81CF-CD247EFD1B7E} = {99BC3AAC-401F-4D4C-A4B8-F384170C57A5}
		{24B4294F-AC94-4743-A11A-0AFFC4C476D2} = {99BC3AAC-401F-4D4C-A4B8-F384170C57A5}
		{6828CD0A-23AB-43FD-9D67-77744C7A7F6C} = {94B4D767-A1FF-4DC1-81CF-CD247EFD1B7E}
		{14ADCBFC-1300-4578-86B2-A9C270F7E0FC} = {6828CD0A-23AB-43FD-9D67-77744C7A7F6C}
		{1F07A80D-AA34-4D76-A141-B52979C4E407} = {99BC3AAC-401F-4D4C-A4B8-F384170C57A5}
		{C087A4A1-BA32-4842-A598-2CB603551075} = {1F07A80D-AA34-4D76-A141-B52979C4E407}
		{AE1671D5-DF81-4F5D-AD3A-3555C0351881} = {94B4D767-A1FF-4DC1-81CF-CD247EFD1B7E}
		{6222B1FC-7B9D-4333-9BB4-899912291438} = {94B4D767-A1FF-4DC1-81CF-CD247EFD1B7E}
		{B3ED4996-D723-4E20-83B2-C2905ED1EC68} = {AE1671D5-DF81-4F5D-AD3A-3555C0351881}
		{77D64D9B-CF7B-4FB7-8CFC-3A4CDE114416} = {AE1671D5-DF81-4F5D-AD3A-3555C0351881}
		{730A92CC-A811-4D36-A11C-B0D339DE2778} = {6222B1FC-7B9D-4333-9BB4-899912291438}
		{B6077627-CDA8-4FC5-A570-DF5C11C14170} = {6828CD0A-23AB-43FD-9D67-77744C7A7F6C}
	EndGlobalSection
EndGlobal
